<Solution>
  <Folder Name="/Solution Items/">
    <File Path=".dockerignore" />
    <File Path=".editorconfig" />
    <File Path=".gitattributes" />
    <File Path=".gitignore" />
    <File Path="Directory.Build.props" />
    <File Path="LICENSE.txt" />
    <File Path="README.md" />
  </Folder>
  <Folder Name="/src/">
    <Project Path="src/Gateway.AppHost/Gateway.AppHost.csproj" />
    <Project Path="src/Gateway.Application/Gateway.Application.csproj" />
    <Project Path="src/Gateway.Domain/Gateway.Domain.csproj" />
    <Project Path="src/Gateway.Infrastructure/Gateway.Infrastructure.csproj" />
    <Project Path="src/Gateway.Presentation/Gateway.Presentation.csproj" />
  </Folder>
  <Folder Name="/tests/">
    <Project Path="tests/Gateway.Application.Tests/Gateway.Application.Tests.csproj" />
    <Project Path="tests/Gateway.Infrastructure.Tests/Gateway.Infrastructure.Tests.csproj" />
    <Project Path="tests/Gateway.Integration.Tests/Gateway.Integration.Tests.csproj" />
    <Project Path="tests/Gateway.Presentation.Tests/Gateway.Presentation.Tests.csproj" />
  </Folder>
</Solution>
